
Microsoft Visual Studio Solution File, Format Version 12.00
# Visual Studio Version 17
VisualStudioVersion = 17.5.33502.453
MinimumVisualStudioVersion = 10.0.40219.1
Project("{8BC9CEB8-8B4A-11D0-8D11-00A0C91BC942}") = "180_Pointer", "180_Pointer\180_Pointer.vcxproj", "{401B4D7C-20BD-4EA5-8A39-262D1BDBCD4A}"
EndProject
Project("{8BC9CEB8-8B4A-11D0-8D11-00A0C91BC942}") = "180_pointer1", "180_pointer1\180_pointer1.vcxproj", "{7D234F7B-C25E-4415-B9DD-C63F31C15552}"
EndProject
Project("{8BC9CEB8-8B4A-11D0-8D11-00A0C91BC942}") = "180_pointer2", "180_pointer2\180_pointer2.vcxproj", "{4C22EA59-590C-4A6A-ADC0-1928256075CE}"
EndProject
Project("{8BC9CEB8-8B4A-11D0-8D11-00A0C91BC942}") = "180_pointer3", "180_pointer3\180_pointer3.vcxproj", "{31C2CC48-48CC-48B5-92C6-2EA15E5877F1}"
EndProject
Project("{8BC9CEB8-8B4A-11D0-8D11-00A0C91BC942}") = "180_pointer4", "180_pointer4\180_pointer4.vcxproj", "{D40FFDAC-3B0E-46F0-943E-7B5C6E14332D}"
EndProject
Global
	GlobalSection(SolutionConfigurationPlatforms) = preSolution
		Debug|x64 = Debug|x64
		Debug|x86 = Debug|x86
		Release|x64 = Release|x64
		Release|x86 = Release|x86
	EndGlobalSection
	GlobalSection(ProjectConfigurationPlatforms) = postSolution
		{401B4D7C-20BD-4EA5-8A39-262D1BDBCD4A}.Debug|x64.ActiveCfg = Debug|x64
		{401B4D7C-20BD-4EA5-8A39-262D1BDBCD4A}.Debug|x64.Build.0 = Debug|x64
		{401B4D7C-20BD-4EA5-8A39-262D1BDBCD4A}.Debug|x86.ActiveCfg = Debug|Win32
		{401B4D7C-20BD-4EA5-8A39-262D1BDBCD4A}.Debug|x86.Build.0 = Debug|Win32
		{401B4D7C-20BD-4EA5-8A39-262D1BDBCD4A}.Release|x64.ActiveCfg = Release|x64
		{401B4D7C-20BD-4EA5-8A39-262D1BDBCD4A}.Release|x64.Build.0 = Release|x64
		{401B4D7C-20BD-4EA5-8A39-262D1BDBCD4A}.Release|x86.ActiveCfg = Release|Win32
		{401B4D7C-20BD-4EA5-8A39-262D1BDBCD4A}.Release|x86.Build.0 = Release|Win32
		{7D234F7B-C25E-4415-B9DD-C63F31C15552}.Debug|x64.ActiveCfg = Debug|x64
		{7D234F7B-C25E-4415-B9DD-C63F31C15552}.Debug|x64.Build.0 = Debug|x64
		{7D234F7B-C25E-4415-B9DD-C63F31C15552}.Debug|x86.ActiveCfg = Debug|Win32
		{7D234F7B-C25E-4415-B9DD-C63F31C15552}.Debug|x86.Build.0 = Debug|Win32
		{7D234F7B-C25E-4415-B9DD-C63F31C15552}.Release|x64.ActiveCfg = Release|x64
		{7D234F7B-C25E-4415-B9DD-C63F31C15552}.Release|x64.Build.0 = Release|x64
		{7D234F7B-C25E-4415-B9DD-C63F31C15552}.Release|x86.ActiveCfg = Release|Win32
		{7D234F7B-C25E-4415-B9DD-C63F31C15552}.Release|x86.Build.0 = Release|Win32
		{4C22EA59-590C-4A6A-ADC0-1928256075CE}.Debug|x64.ActiveCfg = Debug|x64
		{4C22EA59-590C-4A6A-ADC0-1928256075CE}.Debug|x64.Build.0 = Debug|x64
		{4C22EA59-590C-4A6A-ADC0-1928256075CE}.Debug|x86.ActiveCfg = Debug|Win32
		{4C22EA59-590C-4A6A-ADC0-1928256075CE}.Debug|x86.Build.0 = Debug|Win32
		{4C22EA59-590C-4A6A-ADC0-1928256075CE}.Release|x64.ActiveCfg = Release|x64
		{4C22EA59-590C-4A6A-ADC0-1928256075CE}.Release|x64.Build.0 = Release|x64
		{4C22EA59-590C-4A6A-ADC0-1928256075CE}.Release|x86.ActiveCfg = Release|Win32
		{4C22EA59-590C-4A6A-ADC0-1928256075CE}.Release|x86.Build.0 = Release|Win32
		{31C2CC48-48CC-48B5-92C6-2EA15E5877F1}.Debug|x64.ActiveCfg = Debug|x64
		{31C2CC48-48CC-48B5-92C6-2EA15E5877F1}.Debug|x64.Build.0 = Debug|x64
		{31C2CC48-48CC-48B5-92C6-2EA15E5877F1}.Debug|x86.ActiveCfg = Debug|Win32
		{31C2CC48-48CC-48B5-92C6-2EA15E5877F1}.Debug|x86.Build.0 = Debug|Win32
		{31C2CC48-48CC-48B5-92C6-2EA15E5877F1}.Release|x64.ActiveCfg = Release|x64
		{31C2CC48-48CC-48B5-92C6-2EA15E5877F1}.Release|x64.Build.0 = Release|x64
		{31C2CC48-48CC-48B5-92C6-2EA15E5877F1}.Release|x86.ActiveCfg = Release|Win32
		{31C2CC48-48CC-48B5-92C6-2EA15E5877F1}.Release|x86.Build.0 = Release|Win32
		{D40FFDAC-3B0E-46F0-943E-7B5C6E14332D}.Debug|x64.ActiveCfg = Debug|x64
		{D40FFDAC-3B0E-46F0-943E-7B5C6E14332D}.Debug|x64.Build.0 = Debug|x64
		{D40FFDAC-3B0E-46F0-943E-7B5C6E14332D}.Debug|x86.ActiveCfg = Debug|Win32
		{D40FFDAC-3B0E-46F0-943E-7B5C6E14332D}.Debug|x86.Build.0 = Debug|Win32
		{D40FFDAC-3B0E-46F0-943E-7B5C6E14332D}.Release|x64.ActiveCfg = Release|x64
		{D40FFDAC-3B0E-46F0-943E-7B5C6E14332D}.Release|x64.Build.0 = Release|x64
		{D40FFDAC-3B0E-46F0-943E-7B5C6E14332D}.Release|x86.ActiveCfg = Release|Win32
		{D40FFDAC-3B0E-46F0-943E-7B5C6E14332D}.Release|x86.Build.0 = Release|Win32
	EndGlobalSection
	GlobalSection(SolutionProperties) = preSolution
		HideSolutionNode = FALSE
	EndGlobalSection
	GlobalSection(ExtensibilityGlobals) = postSolution
		SolutionGuid = {D95AF3D5-98E6-4750-A901-C3BBDD63073A}
	EndGlobalSection
EndGlobal
